// !$*UTF8*$!
{
	archiveVersion = 1;
	classes = {
	};
	objectVersion = 50;
	objects = {

/* Begin PBXBuildFile section */
		658ADA28212545DE0044A802 /* AppDelegate.m in Sources */ = {isa = PBXBuildFile; fileRef = 658ADA27212545DE0044A802 /* AppDelegate.m */; };
		658ADA2B212545DE0044A802 /* ViewController.m in Sources */ = {isa = PBXBuildFile; fileRef = 658ADA2A212545DE0044A802 /* ViewController.m */; };
		658ADA2E212545DE0044A802 /* Main.storyboard in Resources */ = {isa = PBXBuildFile; fileRef = 658ADA2C212545DE0044A802 /* Main.storyboard */; };
		658ADA30212545DF0044A802 /* Assets.xcassets in Resources */ = {isa = PBXBuildFile; fileRef = 658ADA2F212545DF0044A802 /* Assets.xcassets */; };
		658ADA33212545DF0044A802 /* LaunchScreen.storyboard in Resources */ = {isa = PBXBuildFile; fileRef = 658ADA31212545DF0044A802 /* LaunchScreen.storyboard */; };
		658ADA36212545DF0044A802 /* main.m in Sources */ = {isa = PBXBuildFile; fileRef = 658ADA35212545DF0044A802 /* main.m */; };
		658ADA4221254B020044A802 /* CTMediator+B.m in Sources */ = {isa = PBXBuildFile; fileRef = 658ADA4121254B020044A802 /* CTMediator+B.m */; };
		E080A77748B415325125DD86 /* libPods-B_Category.a in Frameworks */ = {isa = PBXBuildFile; fileRef = BA049A1BD122280752E2FAED /* libPods-B_Category.a */; };
/* End PBXBuildFile section */

/* Begin PBXFileReference section */
		2698E225F3E3283F0777CE9D /* Pods-B_Category.release.xcconfig */ = {isa = PBXFileReference; includeInIndex = 1; lastKnownFileType = text.xcconfig; name = "Pods-B_Category.release.xcconfig"; path = "Pods/Target Support Files/Pods-B_Category/Pods-B_Category.release.xcconfig"; sourceTree = "<group>"; };
		658ADA23212545DE0044A802 /* B_Category.app */ = {isa = PBXFileReference; explicitFileType = wrapper.application; includeInIndex = 0; path = B_Category.app; sourceTree = BUILT_PRODUCTS_DIR; };
		658ADA26212545DE0044A802 /* AppDelegate.h */ = {isa = PBXFileReference; lastKnownFileType = sourcecode.c.h; path = AppDelegate.h; sourceTree = "<group>"; };
		658ADA27212545DE0044A802 /* AppDelegate.m */ = {isa = PBXFileReference; lastKnownFileType = sourcecode.c.objc; path = AppDelegate.m; sourceTree = "<group>"; };
		658ADA29212545DE0044A802 /* ViewController.h */ = {isa = PBXFileReference; lastKnownFileType = sourcecode.c.h; path = ViewController.h; sourceTree = "<group>"; };
		658ADA2A212545DE0044A802 /* ViewController.m */ = {isa = PBXFileReference; lastKnownFileType = sourcecode.c.objc; path = ViewController.m; sourceTree = "<group>"; };
		658ADA2D212545DE0044A802 /* Base */ = {isa = PBXFileReference; lastKnownFileType = file.storyboard; name = Base; path = Base.lproj/Main.storyboard; sourceTree = "<group>"; };
		658ADA2F212545DF0044A802 /* Assets.xcassets */ = {isa = PBXFileReference; lastKnownFileType = folder.assetcatalog; path = Assets.xcassets; sourceTree = "<group>"; };
		658ADA32212545DF0044A802 /* Base */ = {isa = PBXFileReference; lastKnownFileType = file.storyboard; name = Base; path = Base.lproj/LaunchScreen.storyboard; sourceTree = "<group>"; };
		658ADA34212545DF0044A802 /* Info.plist */ = {isa = PBXFileReference; lastKnownFileType = text.plist.xml; path = Info.plist; sourceTree = "<group>"; };
		658ADA35212545DF0044A802 /* main.m */ = {isa = PBXFileReference; lastKnownFileType = sourcecode.c.objc; path = main.m; sourceTree = "<group>"; };
		658ADA4021254B020044A802 /* CTMediator+B.h */ = {isa = PBXFileReference; lastKnownFileType = sourcecode.c.h; path = "CTMediator+B.h"; sourceTree = "<group>"; };
		658ADA4121254B020044A802 /* CTMediator+B.m */ = {isa = PBXFileReference; lastKnownFileType = sourcecode.c.objc; path = "CTMediator+B.m"; sourceTree = "<group>"; };
		BA049A1BD122280752E2FAED /* libPods-B_Category.a */ = {isa = PBXFileReference; explicitFileType = archive.ar; includeInIndex = 0; path = "libPods-B_Category.a"; sourceTree = BUILT_PRODUCTS_DIR; };
		C0DA4E220E5171EE74A8F864 /* Pods-B_Category.debug.xcconfig */ = {isa = PBXFileReference; includeInIndex = 1; lastKnownFileType = text.xcconfig; name = "Pods-B_Category.debug.xcconfig"; path = "Pods/Target Support Files/Pods-B_Category/Pods-B_Category.debug.xcconfig"; sourceTree = "<group>"; };
/* End PBXFileReference section */

/* Begin PBXFrameworksBuildPhase section */
		658ADA20212545DE0044A802 /* Frameworks */ = {
			isa = PBXFrameworksBuildPhase;
			buildActionMask = 2147483647;
			files = (
				E080A77748B415325125DD86 /* libPods-B_Category.a in Frameworks */,
			);
			runOnlyForDeploymentPostprocessing = 0;
		};
/* End PBXFrameworksBuildPhase section */

/* Begin PBXGroup section */
		658ADA1A212545DE0044A802 = {
			isa = PBXGroup;
			children = (
				658ADA25212545DE0044A802 /* B_Category */,
				658ADA24212545DE0044A802 /* Products */,
				E9786646CC733CE51F1BD6C3 /* Pods */,
				C18D32EDE829AF34899507A8 /* Frameworks */,
			);
			sourceTree = "<group>";
		};
		658ADA24212545DE0044A802 /* Products */ = {
			isa = PBXGroup;
			children = (
				658ADA23212545DE0044A802 /* B_Category.app */,
			);
			name = Products;
			sourceTree = "<group>";
		};
		658ADA25212545DE0044A802 /* B_Category */ = {
			isa = PBXGroup;
			children = (
				658ADA3C212548AE0044A802 /* B_Category */,
				658ADA26212545DE0044A802 /* AppDelegate.h */,
				658ADA27212545DE0044A802 /* AppDelegate.m */,
				658ADA29212545DE0044A802 /* ViewController.h */,
				658ADA2A212545DE0044A802 /* ViewController.m */,
				658ADA2C212545DE0044A802 /* Main.storyboard */,
				658ADA2F212545DF0044A802 /* Assets.xcassets */,
				658ADA31212545DF0044A802 /* LaunchScreen.storyboard */,
				658ADA34212545DF0044A802 /* Info.plist */,
				658ADA35212545DF0044A802 /* main.m */,
			);
			path = B_Category;
			sourceTree = "<group>";
		};
		658ADA3C212548AE0044A802 /* B_Category */ = {
			isa = PBXGroup;
			children = (
				658ADA4021254B020044A802 /* CTMediator+B.h */,
				658ADA4121254B020044A802 /* CTMediator+B.m */,
			);
			path = B_Category;
			sourceTree = "<group>";
		};
		C18D32EDE829AF34899507A8 /* Frameworks */ = {
			isa = PBXGroup;
			children = (
				BA049A1BD122280752E2FAED /* libPods-B_Category.a */,
			);
			name = Frameworks;
			sourceTree = "<group>";
		};
		E9786646CC733CE51F1BD6C3 /* Pods */ = {
			isa = PBXGroup;
			children = (
				C0DA4E220E5171EE74A8F864 /* Pods-B_Category.debug.xcconfig */,
				2698E225F3E3283F0777CE9D /* Pods-B_Category.release.xcconfig */,
			);
			name = Pods;
			sourceTree = "<group>";
		};
/* End PBXGroup section */

/* Begin PBXNativeTarget section */
		658ADA22212545DE0044A802 /* B_Category */ = {
			isa = PBXNativeTarget;
			buildConfigurationList = 658ADA39212545DF0044A802 /* Build configuration list for PBXNativeTarget "B_Category" */;
			buildPhases = (
				13E43C87B773481C30572415 /* [CP] Check Pods Manifest.lock */,
				658ADA1F212545DE0044A802 /* Sources */,
				658ADA20212545DE0044A802 /* Frameworks */,
				658ADA21212545DE0044A802 /* Resources */,
			);
			buildRules = (
			);
			dependencies = (
			);
			name = B_Category;
			productName = B_Category;
			productReference = 658ADA23212545DE0044A802 /* B_Category.app */;
			productType = "com.apple.product-type.application";
		};
/* End PBXNativeTarget section */

/* Begin PBXProject section */
		658ADA1B212545DE0044A802 /* Project object */ = {
			isa = PBXProject;
			attributes = {
				LastUpgradeCheck = 0940;
				ORGANIZATIONNAME = Daniel;
				TargetAttributes = {
					658ADA22212545DE0044A802 = {
						CreatedOnToolsVersion = 9.4.1;
					};
				};
			};
			buildConfigurationList = 658ADA1E212545DE0044A802 /* Build configuration list for PBXProject "B_Category" */;
			compatibilityVersion = "Xcode 9.3";
			developmentRegion = en;
			hasScannedForEncodings = 0;
			knownRegions = (
				en,
				Base,
			);
			mainGroup = 658ADA1A212545DE0044A802;
			productRefGroup = 658ADA24212545DE0044A802 /* Products */;
			projectDirPath = "";
			projectRoot = "";
			targets = (
				658ADA22212545DE0044A802 /* B_Category */,
			);
		};
/* End PBXProject section */

/* Begin PBXResourcesBuildPhase section */
		658ADA21212545DE0044A802 /* Resources */ = {
			isa = PBXResourcesBuildPhase;
			buildActionMask = 2147483647;
			files = (
				658ADA33212545DF0044A802 /* LaunchScreen.storyboard in Resources */,
				658ADA30212545DF0044A802 /* Assets.xcassets in Resources */,
				658ADA2E212545DE0044A802 /* Main.storyboard in Resources */,
			);
			runOnlyForDeploymentPostprocessing = 0;
		};
/* End PBXResourcesBuildPhase section */

/* Begin PBXShellScriptBuildPhase section */
		13E43C87B773481C30572415 /* [CP] Check Pods Manifest.lock */ = {
			isa = PBXShellScriptBuildPhase;
			buildActionMask = 2147483647;
			files = (
			);
			inputPaths = (
				"${PODS_PODFILE_DIR_PATH}/Podfile.lock",
				"${PODS_ROOT}/Manifest.lock",
			);
			name = "[CP] Check Pods Manifest.lock";
			outputPaths = (
				"$(DERIVED_FILE_DIR)/Pods-B_Category-checkManifestLockResult.txt",
			);
			runOnlyForDeploymentPostprocessing = 0;
			shellPath = /bin/sh;
			shellScript = "diff \"${PODS_PODFILE_DIR_PATH}/Podfile.lock\" \"${PODS_ROOT}/Manifest.lock\" > /dev/null\nif [ $? != 0 ] ; then\n    # print error to STDERR\n    echo \"error: The sandbox is not in sync with the Podfile.lock. Run 'pod install' or update your CocoaPods installation.\" >&2\n    exit 1\nfi\n# This output is used by Xcode 'outputs' to avoid re-running this script phase.\necho \"SUCCESS\" > \"${SCRIPT_OUTPUT_FILE_0}\"\n";
			showEnvVarsInLog = 0;
		};
/* End PBXShellScriptBuildPhase section */

/* Begin PBXSourcesBuildPhase section */
		658ADA1F212545DE0044A802 /* Sources */ = {
			isa = PBXSourcesBuildPhase;
			buildActionMask = 2147483647;
			files = (
				658ADA2B212545DE0044A802 /* ViewController.m in Sources */,
				658ADA36212545DF0044A802 /* main.m in Sources */,
				658ADA4221254B020044A802 /* CTMediator+B.m in Sources */,
				658ADA28212545DE0044A802 /* AppDelegate.m in Sources */,
			);
			runOnlyForDeploymentPostprocessing = 0;
		};
/* End PBXSourcesBuildPhase section */

/* Begin PBXVariantGroup section */
		658ADA2C212545DE0044A802 /* Main.storyboard */ = {
			isa = PBXVariantGroup;
			children = (
				658ADA2D212545DE0044A802 /* Base */,
			);
			name = Main.storyboard;
			sourceTree = "<group>";
		};
		658ADA31212545DF0044A802 /* LaunchScreen.storyboard */ = {
			isa = PBXVariantGroup;
			children = (
				658ADA32212545DF0044A802 /* Base */,
			);
			name = LaunchScreen.storyboard;
			sourceTree = "<group>";
		};
/* End PBXVariantGroup section */

/* Begin XCBuildConfiguration section */
		658ADA37212545DF0044A802 /* Debug */ = {
			isa = XCBuildConfiguration;
			buildSettings = {
				ALWAYS_SEARCH_USER_PATHS = NO;
				CLANG_ANALYZER_NONNULL = YES;
				CLANG_ANALYZER_NUMBER_OBJECT_CONVERSION = YES_AGGRESSIVE;
				CLANG_CXX_LANGUAGE_STANDARD = "gnu++14";
				CLANG_CXX_LIBRARY = "libc++";
				CLANG_ENABLE_MODULES = YES;
				CLANG_ENABLE_OBJC_ARC = YES;
				CLANG_ENABLE_OBJC_WEAK = YES;
				CLANG_WARN_BLOCK_CAPTURE_AUTORELEASING = YES;
				CLANG_WARN_BOOL_CONVERSION = YES;
				CLANG_WARN_COMMA = YES;
				CLANG_WARN_CONSTANT_CONVERSION = YES;
				CLANG_WARN_DEPRECATED_OBJC_IMPLEMENTATIONS = YES;
				CLANG_WARN_DIRECT_OBJC_ISA_USAGE = YES_ERROR;
				CLANG_WARN_DOCUMENTATION_COMMENTS = YES;
				CLANG_WARN_EMPTY_BODY = YES;
				CLANG_WARN_ENUM_CONVERSION = YES;
				CLANG_WARN_INFINITE_RECURSION = YES;
				CLANG_WARN_INT_CONVERSION = YES;
				CLANG_WARN_NON_LITERAL_NULL_CONVERSION = YES;
				CLANG_WARN_OBJC_IMPLICIT_RETAIN_SELF = YES;
				CLANG_WARN_OBJC_LITERAL_CONVERSION = YES;
				CLANG_WARN_OBJC_ROOT_CLASS = YES_ERROR;
				CLANG_WARN_RANGE_LOOP_ANALYSIS = YES;
				CLANG_WARN_STRICT_PROTOTYPES = YES;
				CLANG_WARN_SUSPICIOUS_MOVE = YES;
				CLANG_WARN_UNGUARDED_AVAILABILITY = YES_AGGRESSIVE;
				CLANG_WARN_UNREACHABLE_CODE = YES;
				CLANG_WARN__DUPLICATE_METHOD_MATCH = YES;
				CODE_SIGN_IDENTITY = "iPhone Developer";
				COPY_PHASE_STRIP = NO;
				DEBUG_INFORMATION_FORMAT = dwarf;
				ENABLE_STRICT_OBJC_MSGSEND = YES;
				ENABLE_TESTABILITY = YES;
				GCC_C_LANGUAGE_STANDARD = gnu11;
				GCC_DYNAMIC_NO_PIC = NO;
				GCC_NO_COMMON_BLOCKS = YES;
				GCC_OPTIMIZATION_LEVEL = 0;
				GCC_PREPROCESSOR_DEFINITIONS = (
					"DEBUG=1",
					"$(inherited)",
				);
				GCC_WARN_64_TO_32_BIT_CONVERSION = YES;
				GCC_WARN_ABOUT_RETURN_TYPE = YES_ERROR;
				GCC_WARN_UNDECLARED_SELECTOR = YES;
				GCC_WARN_UNINITIALIZED_AUTOS = YES_AGGRESSIVE;
				GCC_WARN_UNUSED_FUNCTION = YES;
				GCC_WARN_UNUSED_VARIABLE = YES;
				IPHONEOS_DEPLOYMENT_TARGET = 11.4;
				MTL_ENABLE_DEBUG_INFO = YES;
				ONLY_ACTIVE_ARCH = YES;
				SDKROOT = iphoneos;
			};
			name = Debug;
		};
		658ADA38212545DF0044A802 /* Release */ = {
			isa = XCBuildConfiguration;
			buildSettings = {
				ALWAYS_SEARCH_USER_PATHS = NO;
				CLANG_ANALYZER_NONNULL = YES;
				CLANG_ANALYZER_NUMBER_OBJECT_CONVERSION = YES_AGGRESSIVE;
				CLANG_CXX_LANGUAGE_STANDARD = "gnu++14";
				CLANG_CXX_LIBRARY = "libc++";
				CLANG_ENABLE_MODULES = YES;
				CLANG_ENABLE_OBJC_ARC = YES;
				CLANG_ENABLE_OBJC_WEAK = YES;
				CLANG_WARN_BLOCK_CAPTURE_AUTORELEASING = YES;
				CLANG_WARN_BOOL_CONVERSION = YES;
				CLANG_WARN_COMMA = YES;
				CLANG_WARN_CONSTANT_CONVERSION = YES;
				CLANG_WARN_DEPRECATED_OBJC_IMPLEMENTATIONS = YES;
				CLANG_WARN_DIRECT_OBJC_ISA_USAGE = YES_ERROR;
				CLANG_WARN_DOCUMENTATION_COMMENTS = YES;
				CLANG_WARN_EMPTY_BODY = YES;
				CLANG_WARN_ENUM_CONVERSION = YES;
				CLANG_WARN_INFINITE_RECURSION = YES;
				CLANG_WARN_INT_CONVERSION = YES;
				CLANG_WARN_NON_LITERAL_NULL_CONVERSION = YES;
				CLANG_WARN_OBJC_IMPLICIT_RETAIN_SELF = YES;
				CLANG_WARN_OBJC_LITERAL_CONVERSION = YES;
				CLANG_WARN_OBJC_ROOT_CLASS = YES_ERROR;
				CLANG_WARN_RANGE_LOOP_ANALYSIS = YES;
				CLANG_WARN_STRICT_PROTOTYPES = YES;
				CLANG_WARN_SUSPICIOUS_MOVE = YES;
				CLANG_WARN_UNGUARDED_AVAILABILITY = YES_AGGRESSIVE;
				CLANG_WARN_UNREACHABLE_CODE = YES;
				CLANG_WARN__DUPLICATE_METHOD_MATCH = YES;
				CODE_SIGN_IDENTITY = "iPhone Developer";
				COPY_PHASE_STRIP = NO;
				DEBUG_INFORMATION_FORMAT = "dwarf-with-dsym";
				ENABLE_NS_ASSERTIONS = NO;
				ENABLE_STRICT_OBJC_MSGSEND = YES;
				GCC_C_LANGUAGE_STANDARD = gnu11;
				GCC_NO_COMMON_BLOCKS = YES;
				GCC_WARN_64_TO_32_BIT_CONVERSION = YES;
				GCC_WARN_ABOUT_RETURN_TYPE = YES_ERROR;
				GCC_WARN_UNDECLARED_SELECTOR = YES;
				GCC_WARN_UNINITIALIZED_AUTOS = YES_AGGRESSIVE;
				GCC_WARN_UNUSED_FUNCTION = YES;
				GCC_WARN_UNUSED_VARIABLE = YES;
				IPHONEOS_DEPLOYMENT_TARGET = 11.4;
				MTL_ENABLE_DEBUG_INFO = NO;
				SDKROOT = iphoneos;
				VALIDATE_PRODUCT = YES;
			};
			name = Release;
		};
		658ADA3A212545DF0044A802 /* Debug */ = {
			isa = XCBuildConfiguration;
			baseConfigurationReference = C0DA4E220E5171EE74A8F864 /* Pods-B_Category.debug.xcconfig */;
			buildSettings = {
				ASSETCATALOG_COMPILER_APPICON_NAME = AppIcon;
				CODE_SIGN_STYLE = Automatic;
				DEVELOPMENT_TEAM = SMS92A3R6U;
				INFOPLIST_FILE = B_Category/Info.plist;
				LD_RUNPATH_SEARCH_PATHS = (
					"$(inherited)",
					"@executable_path/Frameworks",
				);
				PRODUCT_BUNDLE_IDENTIFIER = "com.qiudaniel.B-Category";
				PRODUCT_NAME = "$(TARGET_NAME)";
				TARGETED_DEVICE_FAMILY = "1,2";
			};
			name = Debug;
		};
		658ADA3B212545DF0044A802 /* Release */ = {
			isa = XCBuildConfiguration;
			baseConfigurationReference = 2698E225F3E3283F0777CE9D /* Pods-B_Category.release.xcconfig */;
			buildSettings = {
				ASSETCATALOG_COMPILER_APPICON_NAME = AppIcon;
				CODE_SIGN_STYLE = Automatic;
				DEVELOPMENT_TEAM = SMS92A3R6U;
				INFOPLIST_FILE = B_Category/Info.plist;
				LD_RUNPATH_SEARCH_PATHS = (
					"$(inherited)",
					"@executable_path/Frameworks",
				);
				PRODUCT_BUNDLE_IDENTIFIER = "com.qiudaniel.B-Category";
				PRODUCT_NAME = "$(TARGET_NAME)";
				TARGETED_DEVICE_FAMILY = "1,2";
			};
			name = Release;
		};
/* End XCBuildConfiguration section */

/* Begin XCConfigurationList section */
		658ADA1E212545DE0044A802 /* Build configuration list for PBXProject "B_Category" */ = {
			isa = XCConfigurationList;
			buildConfigurations = (
				658ADA37212545DF0044A802 /* Debug */,
				658ADA38212545DF0044A802 /* Release */,
			);
			defaultConfigurationIsVisible = 0;
			defaultConfigurationName = Release;
		};
		658ADA39212545DF0044A802 /* Build configuration list for PBXNativeTarget "B_Category" */ = {
			isa = XCConfigurationList;
			buildConfigurations = (
				658ADA3A212545DF0044A802 /* Debug */,
				658ADA3B212545DF0044A802 /* Release */,
			);
			defaultConfigurationIsVisible = 0;
			defaultConfigurationName = Release;
		};
/* End XCConfigurationList section */
	};
	rootObject = 658ADA1B212545DE0044A802 /* Project object */;
}
